
Microsoft Visual Studio Solution File, Format Version 12.00
# Visual Studio Version 17
VisualStudioVersion = 17.3.32901.215
MinimumVisualStudioVersion = 10.0.40219.1
Project("{FAE04EC0-301F-11D3-BF4B-00C04F79EFBC}") = "ListTest", "ListTest\ListTest.csproj", "{91370BC4-0851-4990-B3C2-C050D209FE37}"
EndProject
Global
	GlobalSection(SolutionConfigurationPlatforms) = preSolution
		Debug|Any CPU = Debug|Any CPU
		Release|Any CPU = Release|Any CPU
	EndGlobalSection
	GlobalSection(ProjectConfigurationPlatforms) = postSolution
		{91370BC4-0851-4990-B3C2-C050D209FE37}.Debug|Any CPU.ActiveCfg = Debug|Any CPU
		{91370BC4-0851-4990-B3C2-C050D209FE37}.Debug|Any CPU.Build.0 = Debug|Any CPU
		{91370BC4-0851-4990-B3C2-C050D209FE37}.Release|Any CPU.ActiveCfg = Release|Any CPU
		{91370BC4-0851-4990-B3C2-C050D209FE37}.Release|Any CPU.Build.0 = Release|Any CPU
	EndGlobalSection
	GlobalSection(SolutionProperties) = preSolution
		HideSolutionNode = FALSE
	EndGlobalSection
	GlobalSection(ExtensibilityGlobals) = postSolution
		SolutionGuid = {A583F82E-0958-41A7-9D5A-81C61022FBA1}
	EndGlobalSection
EndGlobal
