
Microsoft Visual Studio Solution File, Format Version 12.00
# Visual Studio Version 17
VisualStudioVersion = 17.3.32901.215
MinimumVisualStudioVersion = 10.0.40219.1
Project("{FAE04EC0-301F-11D3-BF4B-00C04F79EFBC}") = "DllImportTest", "DllImportTest\DllImportTest.csproj", "{D3625DB5-7769-4E18-A33A-88954D6BEC27}"
EndProject
Global
	GlobalSection(SolutionConfigurationPlatforms) = preSolution
		Debug|Any CPU = Debug|Any CPU
		Release|Any CPU = Release|Any CPU
	EndGlobalSection
	GlobalSection(ProjectConfigurationPlatforms) = postSolution
		{D3625DB5-7769-4E18-A33A-88954D6BEC27}.Debug|Any CPU.ActiveCfg = Debug|Any CPU
		{D3625DB5-7769-4E18-A33A-88954D6BEC27}.Debug|Any CPU.Build.0 = Debug|Any CPU
		{D3625DB5-7769-4E18-A33A-88954D6BEC27}.Release|Any CPU.ActiveCfg = Release|Any CPU
		{D3625DB5-7769-4E18-A33A-88954D6BEC27}.Release|Any CPU.Build.0 = Release|Any CPU
	EndGlobalSection
	GlobalSection(SolutionProperties) = preSolution
		HideSolutionNode = FALSE
	EndGlobalSection
	GlobalSection(ExtensibilityGlobals) = postSolution
		SolutionGuid = {E5E683AF-82A0-4ABB-9528-E48B6E2779A3}
	EndGlobalSection
EndGlobal
