
Microsoft Visual Studio Solution File, Format Version 12.00
# Visual Studio Version 17
VisualStudioVersion = 17.2.32519.379
MinimumVisualStudioVersion = 10.0.40219.1
Project("{FAE04EC0-301F-11D3-BF4B-00C04F79EFBC}") = "RegularTest", "RegularTest\RegularTest.csproj", "{23F61BEA-BE81-4101-926A-9AFA43467AD6}"
EndProject
Global
	GlobalSection(SolutionConfigurationPlatforms) = preSolution
		Debug|Any CPU = Debug|Any CPU
		Release|Any CPU = Release|Any CPU
	EndGlobalSection
	GlobalSection(ProjectConfigurationPlatforms) = postSolution
		{23F61BEA-BE81-4101-926A-9AFA43467AD6}.Debug|Any CPU.ActiveCfg = Debug|Any CPU
		{23F61BEA-BE81-4101-926A-9AFA43467AD6}.Debug|Any CPU.Build.0 = Debug|Any CPU
		{23F61BEA-BE81-4101-926A-9AFA43467AD6}.Release|Any CPU.ActiveCfg = Release|Any CPU
		{23F61BEA-BE81-4101-926A-9AFA43467AD6}.Release|Any CPU.Build.0 = Release|Any CPU
	EndGlobalSection
	GlobalSection(SolutionProperties) = preSolution
		HideSolutionNode = FALSE
	EndGlobalSection
	GlobalSection(ExtensibilityGlobals) = postSolution
		SolutionGuid = {85B4D3E5-D172-467D-80EA-5DF7427D5AC5}
	EndGlobalSection
EndGlobal
