
Microsoft Visual Studio Solution File, Format Version 12.00
# Visual Studio Version 17
VisualStudioVersion = 17.2.32519.379
MinimumVisualStudioVersion = 10.0.40219.1
Project("{9A19103F-16F7-4668-BE54-9A1E7A4F7556}") = "TaskTest", "TaskTest\TaskTest.csproj", "{3EF983CA-1E17-4E05-A6BF-45C9F16AAFC6}"
EndProject
Project("{FAE04EC0-301F-11D3-BF4B-00C04F79EFBC}") = "TaskAllTest", "TaskAllTest\TaskAllTest.csproj", "{E8BD6A7C-36E8-470F-9329-E72A990DA99D}"
EndProject
Global
	GlobalSection(SolutionConfigurationPlatforms) = preSolution
		Debug|Any CPU = Debug|Any CPU
		Release|Any CPU = Release|Any CPU
	EndGlobalSection
	GlobalSection(ProjectConfigurationPlatforms) = postSolution
		{3EF983CA-1E17-4E05-A6BF-45C9F16AAFC6}.Debug|Any CPU.ActiveCfg = Debug|Any CPU
		{3EF983CA-1E17-4E05-A6BF-45C9F16AAFC6}.Debug|Any CPU.Build.0 = Debug|Any CPU
		{3EF983CA-1E17-4E05-A6BF-45C9F16AAFC6}.Release|Any CPU.ActiveCfg = Release|Any CPU
		{3EF983CA-1E17-4E05-A6BF-45C9F16AAFC6}.Release|Any CPU.Build.0 = Release|Any CPU
		{E8BD6A7C-36E8-470F-9329-E72A990DA99D}.Debug|Any CPU.ActiveCfg = Debug|Any CPU
		{E8BD6A7C-36E8-470F-9329-E72A990DA99D}.Debug|Any CPU.Build.0 = Debug|Any CPU
		{E8BD6A7C-36E8-470F-9329-E72A990DA99D}.Release|Any CPU.ActiveCfg = Release|Any CPU
		{E8BD6A7C-36E8-470F-9329-E72A990DA99D}.Release|Any CPU.Build.0 = Release|Any CPU
	EndGlobalSection
	GlobalSection(SolutionProperties) = preSolution
		HideSolutionNode = FALSE
	EndGlobalSection
	GlobalSection(ExtensibilityGlobals) = postSolution
		SolutionGuid = {0FFD534E-E2C7-490D-B015-391FCAFF923D}
	EndGlobalSection
EndGlobal
