
Microsoft Visual Studio Solution File, Format Version 12.00
# Visual Studio Version 17
VisualStudioVersion = 17.3.32804.467
MinimumVisualStudioVersion = 10.0.40219.1
Project("{FAE04EC0-301F-11D3-BF4B-00C04F79EFBC}") = "LifecycleTest", "LifecycleTest\LifecycleTest.csproj", "{4F479F47-2B5D-4FD1-9F9C-665BE1A0D905}"
EndProject
Global
	GlobalSection(SolutionConfigurationPlatforms) = preSolution
		Debug|Any CPU = Debug|Any CPU
		Release|Any CPU = Release|Any CPU
	EndGlobalSection
	GlobalSection(ProjectConfigurationPlatforms) = postSolution
		{4F479F47-2B5D-4FD1-9F9C-665BE1A0D905}.Debug|Any CPU.ActiveCfg = Debug|Any CPU
		{4F479F47-2B5D-4FD1-9F9C-665BE1A0D905}.Debug|Any CPU.Build.0 = Debug|Any CPU
		{4F479F47-2B5D-4FD1-9F9C-665BE1A0D905}.Release|Any CPU.ActiveCfg = Release|Any CPU
		{4F479F47-2B5D-4FD1-9F9C-665BE1A0D905}.Release|Any CPU.Build.0 = Release|Any CPU
	EndGlobalSection
	GlobalSection(SolutionProperties) = preSolution
		HideSolutionNode = FALSE
	EndGlobalSection
	GlobalSection(ExtensibilityGlobals) = postSolution
		SolutionGuid = {850F4C05-990C-47BC-95AA-BF64DB92D8B8}
	EndGlobalSection
EndGlobal
