
Microsoft Visual Studio Solution File, Format Version 12.00
# Visual Studio Version 17
VisualStudioVersion = 17.2.32519.379
MinimumVisualStudioVersion = 10.0.40219.1
Project("{9A19103F-16F7-4668-BE54-9A1E7A4F7556}") = "AbpWebApiTest", "AbpWebApiTest\AbpWebApiTest.csproj", "{B775E444-55E8-43F6-9A7D-0293F18355BF}"
EndProject
Project("{9A19103F-16F7-4668-BE54-9A1E7A4F7556}") = "Volo.Abp.Guids", "..\..\..\abp\mychanges\abp\framework\src\Volo.Abp.Guids\Volo.Abp.Guids.csproj", "{AF387395-43A2-4565-96D7-E63CA0E6F677}"
EndProject
Global
	GlobalSection(SolutionConfigurationPlatforms) = preSolution
		Debug|Any CPU = Debug|Any CPU
		Release|Any CPU = Release|Any CPU
	EndGlobalSection
	GlobalSection(ProjectConfigurationPlatforms) = postSolution
		{B775E444-55E8-43F6-9A7D-0293F18355BF}.Debug|Any CPU.ActiveCfg = Debug|Any CPU
		{B775E444-55E8-43F6-9A7D-0293F18355BF}.Debug|Any CPU.Build.0 = Debug|Any CPU
		{B775E444-55E8-43F6-9A7D-0293F18355BF}.Release|Any CPU.ActiveCfg = Release|Any CPU
		{B775E444-55E8-43F6-9A7D-0293F18355BF}.Release|Any CPU.Build.0 = Release|Any CPU
		{AF387395-43A2-4565-96D7-E63CA0E6F677}.Debug|Any CPU.ActiveCfg = Debug|Any CPU
		{AF387395-43A2-4565-96D7-E63CA0E6F677}.Debug|Any CPU.Build.0 = Debug|Any CPU
		{AF387395-43A2-4565-96D7-E63CA0E6F677}.Release|Any CPU.ActiveCfg = Release|Any CPU
		{AF387395-43A2-4565-96D7-E63CA0E6F677}.Release|Any CPU.Build.0 = Release|Any CPU
	EndGlobalSection
	GlobalSection(SolutionProperties) = preSolution
		HideSolutionNode = FALSE
	EndGlobalSection
	GlobalSection(ExtensibilityGlobals) = postSolution
		SolutionGuid = {C339C66A-7F10-4C73-8877-1D9F3333A72A}
	EndGlobalSection
EndGlobal
