
Microsoft Visual Studio Solution File, Format Version 12.00
# Visual Studio Version 17
VisualStudioVersion = 17.3.32804.467
MinimumVisualStudioVersion = 10.0.40219.1
Project("{FAE04EC0-301F-11D3-BF4B-00C04F79EFBC}") = "LoopTest", "LoopTest\LoopTest.csproj", "{0288257B-C963-4D5A-A9A2-9A511B096CDE}"
EndProject
Global
	GlobalSection(SolutionConfigurationPlatforms) = preSolution
		Debug|Any CPU = Debug|Any CPU
		Release|Any CPU = Release|Any CPU
	EndGlobalSection
	GlobalSection(ProjectConfigurationPlatforms) = postSolution
		{0288257B-C963-4D5A-A9A2-9A511B096CDE}.Debug|Any CPU.ActiveCfg = Debug|Any CPU
		{0288257B-C963-4D5A-A9A2-9A511B096CDE}.Debug|Any CPU.Build.0 = Debug|Any CPU
		{0288257B-C963-4D5A-A9A2-9A511B096CDE}.Release|Any CPU.ActiveCfg = Release|Any CPU
		{0288257B-C963-4D5A-A9A2-9A511B096CDE}.Release|Any CPU.Build.0 = Release|Any CPU
	EndGlobalSection
	GlobalSection(SolutionProperties) = preSolution
		HideSolutionNode = FALSE
	EndGlobalSection
	GlobalSection(ExtensibilityGlobals) = postSolution
		SolutionGuid = {1EEBB395-6E53-44D0-970C-7B1FE2E101EB}
	EndGlobalSection
EndGlobal
