
Microsoft Visual Studio Solution File, Format Version 12.00
# Visual Studio Version 17
VisualStudioVersion = 17.1.32421.90
MinimumVisualStudioVersion = 10.0.40219.1
Project("{FAE04EC0-301F-11D3-BF4B-00C04F79EFBC}") = "MessageReader", "MessageReader\MessageReader.csproj", "{B8FECA9E-43F3-4218-9100-27CA32473D5F}"
EndProject
Global
	GlobalSection(SolutionConfigurationPlatforms) = preSolution
		Debug|Any CPU = Debug|Any CPU
		Release|Any CPU = Release|Any CPU
	EndGlobalSection
	GlobalSection(ProjectConfigurationPlatforms) = postSolution
		{B8FECA9E-43F3-4218-9100-27CA32473D5F}.Debug|Any CPU.ActiveCfg = Debug|Any CPU
		{B8FECA9E-43F3-4218-9100-27CA32473D5F}.Debug|Any CPU.Build.0 = Debug|Any CPU
		{B8FECA9E-43F3-4218-9100-27CA32473D5F}.Release|Any CPU.ActiveCfg = Release|Any CPU
		{B8FECA9E-43F3-4218-9100-27CA32473D5F}.Release|Any CPU.Build.0 = Release|Any CPU
	EndGlobalSection
	GlobalSection(SolutionProperties) = preSolution
		HideSolutionNode = FALSE
	EndGlobalSection
	GlobalSection(ExtensibilityGlobals) = postSolution
		SolutionGuid = {F891293B-7EB6-4C7E-90D9-EA5458387C5C}
	EndGlobalSection
EndGlobal
