
Microsoft Visual Studio Solution File, Format Version 12.00
# Visual Studio Version 17
VisualStudioVersion = 17.2.32519.379
MinimumVisualStudioVersion = 10.0.40219.1
Project("{FAE04EC0-301F-11D3-BF4B-00C04F79EFBC}") = "DistributedLockTest", "DistributedLockTest\DistributedLockTest.csproj", "{DC0880CA-EC96-43A0-A63C-C2936194CD12}"
EndProject
Global
	GlobalSection(SolutionConfigurationPlatforms) = preSolution
		Debug|Any CPU = Debug|Any CPU
		Release|Any CPU = Release|Any CPU
	EndGlobalSection
	GlobalSection(ProjectConfigurationPlatforms) = postSolution
		{DC0880CA-EC96-43A0-A63C-C2936194CD12}.Debug|Any CPU.ActiveCfg = Debug|Any CPU
		{DC0880CA-EC96-43A0-A63C-C2936194CD12}.Debug|Any CPU.Build.0 = Debug|Any CPU
		{DC0880CA-EC96-43A0-A63C-C2936194CD12}.Release|Any CPU.ActiveCfg = Release|Any CPU
		{DC0880CA-EC96-43A0-A63C-C2936194CD12}.Release|Any CPU.Build.0 = Release|Any CPU
	EndGlobalSection
	GlobalSection(SolutionProperties) = preSolution
		HideSolutionNode = FALSE
	EndGlobalSection
	GlobalSection(ExtensibilityGlobals) = postSolution
		SolutionGuid = {C75156AB-B98C-4009-87B0-164693C8797F}
	EndGlobalSection
EndGlobal
