
Microsoft Visual Studio Solution File, Format Version 12.00
# Visual Studio Version 17
VisualStudioVersion = 17.3.32901.215
MinimumVisualStudioVersion = 10.0.40219.1
Project("{FAE04EC0-301F-11D3-BF4B-00C04F79EFBC}") = "WpfRS232Test", "WpfRS232Test\WpfRS232Test.csproj", "{C04C838E-B567-486D-BAA7-215435196156}"
EndProject
Global
	GlobalSection(SolutionConfigurationPlatforms) = preSolution
		Debug|Any CPU = Debug|Any CPU
		Release|Any CPU = Release|Any CPU
	EndGlobalSection
	GlobalSection(ProjectConfigurationPlatforms) = postSolution
		{C04C838E-B567-486D-BAA7-215435196156}.Debug|Any CPU.ActiveCfg = Debug|Any CPU
		{C04C838E-B567-486D-BAA7-215435196156}.Debug|Any CPU.Build.0 = Debug|Any CPU
		{C04C838E-B567-486D-BAA7-215435196156}.Release|Any CPU.ActiveCfg = Release|Any CPU
		{C04C838E-B567-486D-BAA7-215435196156}.Release|Any CPU.Build.0 = Release|Any CPU
	EndGlobalSection
	GlobalSection(SolutionProperties) = preSolution
		HideSolutionNode = FALSE
	EndGlobalSection
	GlobalSection(ExtensibilityGlobals) = postSolution
		SolutionGuid = {D3BB5B67-4943-44FC-AE8D-082505B6CE52}
	EndGlobalSection
EndGlobal
