
Microsoft Visual Studio Solution File, Format Version 12.00
# Visual Studio Version 17
VisualStudioVersion = 17.4.33103.184
MinimumVisualStudioVersion = 10.0.40219.1
Project("{FAE04EC0-301F-11D3-BF4B-00C04F79EFBC}") = "SQLiteTest", "SQLiteTest\SQLiteTest.csproj", "{C1490680-8B41-40F5-8DCD-DB1D6B3FBF5A}"
EndProject
Global
	GlobalSection(SolutionConfigurationPlatforms) = preSolution
		Debug|Any CPU = Debug|Any CPU
		Release|Any CPU = Release|Any CPU
	EndGlobalSection
	GlobalSection(ProjectConfigurationPlatforms) = postSolution
		{C1490680-8B41-40F5-8DCD-DB1D6B3FBF5A}.Debug|Any CPU.ActiveCfg = Debug|Any CPU
		{C1490680-8B41-40F5-8DCD-DB1D6B3FBF5A}.Debug|Any CPU.Build.0 = Debug|Any CPU
		{C1490680-8B41-40F5-8DCD-DB1D6B3FBF5A}.Release|Any CPU.ActiveCfg = Release|Any CPU
		{C1490680-8B41-40F5-8DCD-DB1D6B3FBF5A}.Release|Any CPU.Build.0 = Release|Any CPU
	EndGlobalSection
	GlobalSection(SolutionProperties) = preSolution
		HideSolutionNode = FALSE
	EndGlobalSection
	GlobalSection(ExtensibilityGlobals) = postSolution
		SolutionGuid = {AEBB2B46-A962-4483-B9BB-278D88992377}
	EndGlobalSection
EndGlobal
