
Microsoft Visual Studio Solution File, Format Version 12.00
# Visual Studio Version 17
VisualStudioVersion = 17.2.32519.379
MinimumVisualStudioVersion = 10.0.40219.1
Project("{FAE04EC0-301F-11D3-BF4B-00C04F79EFBC}") = "GrpcServiceTest", "GrpcServiceTest\GrpcServiceTest.csproj", "{875DD262-CDA5-4911-A556-1D5154C3E12E}"
EndProject
Global
	GlobalSection(SolutionConfigurationPlatforms) = preSolution
		Debug|Any CPU = Debug|Any CPU
		Release|Any CPU = Release|Any CPU
	EndGlobalSection
	GlobalSection(ProjectConfigurationPlatforms) = postSolution
		{875DD262-CDA5-4911-A556-1D5154C3E12E}.Debug|Any CPU.ActiveCfg = Debug|Any CPU
		{875DD262-CDA5-4911-A556-1D5154C3E12E}.Debug|Any CPU.Build.0 = Debug|Any CPU
		{875DD262-CDA5-4911-A556-1D5154C3E12E}.Release|Any CPU.ActiveCfg = Release|Any CPU
		{875DD262-CDA5-4911-A556-1D5154C3E12E}.Release|Any CPU.Build.0 = Release|Any CPU
	EndGlobalSection
	GlobalSection(SolutionProperties) = preSolution
		HideSolutionNode = FALSE
	EndGlobalSection
	GlobalSection(ExtensibilityGlobals) = postSolution
		SolutionGuid = {D7CEA400-FB16-4916-873E-AD02663202BA}
	EndGlobalSection
EndGlobal
