
Microsoft Visual Studio Solution File, Format Version 12.00
# Visual Studio Version 17
VisualStudioVersion = 17.4.33103.184
MinimumVisualStudioVersion = 10.0.40219.1
Project("{FAE04EC0-301F-11D3-BF4B-00C04F79EFBC}") = "EPPlusTest", "EPPlusTest\EPPlusTest.csproj", "{D6C79905-6DDB-4B83-96D8-C8508D83CD02}"
EndProject
Global
	GlobalSection(SolutionConfigurationPlatforms) = preSolution
		Debug|Any CPU = Debug|Any CPU
		Release|Any CPU = Release|Any CPU
	EndGlobalSection
	GlobalSection(ProjectConfigurationPlatforms) = postSolution
		{D6C79905-6DDB-4B83-96D8-C8508D83CD02}.Debug|Any CPU.ActiveCfg = Debug|Any CPU
		{D6C79905-6DDB-4B83-96D8-C8508D83CD02}.Debug|Any CPU.Build.0 = Debug|Any CPU
		{D6C79905-6DDB-4B83-96D8-C8508D83CD02}.Release|Any CPU.ActiveCfg = Release|Any CPU
		{D6C79905-6DDB-4B83-96D8-C8508D83CD02}.Release|Any CPU.Build.0 = Release|Any CPU
	EndGlobalSection
	GlobalSection(SolutionProperties) = preSolution
		HideSolutionNode = FALSE
	EndGlobalSection
	GlobalSection(ExtensibilityGlobals) = postSolution
		SolutionGuid = {F123B33A-FF38-4ABB-B273-8A5F97DEA23C}
	EndGlobalSection
EndGlobal
