
Microsoft Visual Studio Solution File, Format Version 12.00
# Visual Studio Version 17
VisualStudioVersion = 17.2.32519.379
MinimumVisualStudioVersion = 10.0.40219.1
Project("{FAE04EC0-301F-11D3-BF4B-00C04F79EFBC}") = "QueryFilterTest", "QueryFilterTest\QueryFilterTest.csproj", "{C82A7B85-D6D6-4FFF-976D-72BA6E162D1F}"
EndProject
Global
	GlobalSection(SolutionConfigurationPlatforms) = preSolution
		Debug|Any CPU = Debug|Any CPU
		Release|Any CPU = Release|Any CPU
	EndGlobalSection
	GlobalSection(ProjectConfigurationPlatforms) = postSolution
		{C82A7B85-D6D6-4FFF-976D-72BA6E162D1F}.Debug|Any CPU.ActiveCfg = Debug|Any CPU
		{C82A7B85-D6D6-4FFF-976D-72BA6E162D1F}.Debug|Any CPU.Build.0 = Debug|Any CPU
		{C82A7B85-D6D6-4FFF-976D-72BA6E162D1F}.Release|Any CPU.ActiveCfg = Release|Any CPU
		{C82A7B85-D6D6-4FFF-976D-72BA6E162D1F}.Release|Any CPU.Build.0 = Release|Any CPU
	EndGlobalSection
	GlobalSection(SolutionProperties) = preSolution
		HideSolutionNode = FALSE
	EndGlobalSection
	GlobalSection(ExtensibilityGlobals) = postSolution
		SolutionGuid = {D434C207-E2B0-471E-BA69-E497A7B0A333}
	EndGlobalSection
EndGlobal
