
Microsoft Visual Studio Solution File, Format Version 12.00
# Visual Studio Version 16
VisualStudioVersion = 16.0.33130.400
MinimumVisualStudioVersion = 10.0.40219.1
Project("{9A19103F-16F7-4668-BE54-9A1E7A4F7556}") = "ExpressionTest", "ExpressionTest\ExpressionTest.csproj", "{0EF5E50F-29B1-4EA1-94F0-1A2BF33C4421}"
EndProject
Project("{9A19103F-16F7-4668-BE54-9A1E7A4F7556}") = "ExpressionCombineTest", "ExpressionCombineTest\ExpressionCombineTest.csproj", "{E075D591-FB9E-4A5D-AE11-00799909A05D}"
EndProject
Project("{FAE04EC0-301F-11D3-BF4B-00C04F79EFBC}") = "ExpressionLinqTest", "ExpressionLinqTest\ExpressionLinqTest.csproj", "{DA13F516-59D2-44F5-9D4A-71743AC3DCE6}"
EndProject
Global
	GlobalSection(SolutionConfigurationPlatforms) = preSolution
		Debug|Any CPU = Debug|Any CPU
		Release|Any CPU = Release|Any CPU
	EndGlobalSection
	GlobalSection(ProjectConfigurationPlatforms) = postSolution
		{0EF5E50F-29B1-4EA1-94F0-1A2BF33C4421}.Debug|Any CPU.ActiveCfg = Debug|Any CPU
		{0EF5E50F-29B1-4EA1-94F0-1A2BF33C4421}.Debug|Any CPU.Build.0 = Debug|Any CPU
		{0EF5E50F-29B1-4EA1-94F0-1A2BF33C4421}.Release|Any CPU.ActiveCfg = Release|Any CPU
		{0EF5E50F-29B1-4EA1-94F0-1A2BF33C4421}.Release|Any CPU.Build.0 = Release|Any CPU
		{E075D591-FB9E-4A5D-AE11-00799909A05D}.Debug|Any CPU.ActiveCfg = Debug|Any CPU
		{E075D591-FB9E-4A5D-AE11-00799909A05D}.Debug|Any CPU.Build.0 = Debug|Any CPU
		{E075D591-FB9E-4A5D-AE11-00799909A05D}.Release|Any CPU.ActiveCfg = Release|Any CPU
		{E075D591-FB9E-4A5D-AE11-00799909A05D}.Release|Any CPU.Build.0 = Release|Any CPU
		{DA13F516-59D2-44F5-9D4A-71743AC3DCE6}.Debug|Any CPU.ActiveCfg = Debug|Any CPU
		{DA13F516-59D2-44F5-9D4A-71743AC3DCE6}.Debug|Any CPU.Build.0 = Debug|Any CPU
		{DA13F516-59D2-44F5-9D4A-71743AC3DCE6}.Release|Any CPU.ActiveCfg = Release|Any CPU
		{DA13F516-59D2-44F5-9D4A-71743AC3DCE6}.Release|Any CPU.Build.0 = Release|Any CPU
	EndGlobalSection
	GlobalSection(SolutionProperties) = preSolution
		HideSolutionNode = FALSE
	EndGlobalSection
	GlobalSection(ExtensibilityGlobals) = postSolution
		SolutionGuid = {6CAAD10F-A635-4CEB-8759-67051F17540A}
	EndGlobalSection
EndGlobal
