
Microsoft Visual Studio Solution File, Format Version 12.00
# Visual Studio Version 17
VisualStudioVersion = 17.4.33122.133
MinimumVisualStudioVersion = 10.0.40219.1
Project("{FAE04EC0-301F-11D3-BF4B-00C04F79EFBC}") = "ExpressionTest", "ExpressionTest\ExpressionTest.csproj", "{0EF5E50F-29B1-4EA1-94F0-1A2BF33C4421}"
EndProject
Global
	GlobalSection(SolutionConfigurationPlatforms) = preSolution
		Debug|Any CPU = Debug|Any CPU
		Release|Any CPU = Release|Any CPU
	EndGlobalSection
	GlobalSection(ProjectConfigurationPlatforms) = postSolution
		{0EF5E50F-29B1-4EA1-94F0-1A2BF33C4421}.Debug|Any CPU.ActiveCfg = Debug|Any CPU
		{0EF5E50F-29B1-4EA1-94F0-1A2BF33C4421}.Debug|Any CPU.Build.0 = Debug|Any CPU
		{0EF5E50F-29B1-4EA1-94F0-1A2BF33C4421}.Release|Any CPU.ActiveCfg = Release|Any CPU
		{0EF5E50F-29B1-4EA1-94F0-1A2BF33C4421}.Release|Any CPU.Build.0 = Release|Any CPU
	EndGlobalSection
	GlobalSection(SolutionProperties) = preSolution
		HideSolutionNode = FALSE
	EndGlobalSection
	GlobalSection(ExtensibilityGlobals) = postSolution
		SolutionGuid = {6CAAD10F-A635-4CEB-8759-67051F17540A}
	EndGlobalSection
EndGlobal
