
Microsoft Visual Studio Solution File, Format Version 12.00
# Visual Studio Version 17
VisualStudioVersion = 17.2.32519.379
MinimumVisualStudioVersion = 10.0.40219.1
Project("{FAE04EC0-301F-11D3-BF4B-00C04F79EFBC}") = "ConstructorTest", "ConstructorTest\ConstructorTest.csproj", "{251D627D-D4B3-45C6-886F-6186A6B83327}"
EndProject
Global
	GlobalSection(SolutionConfigurationPlatforms) = preSolution
		Debug|Any CPU = Debug|Any CPU
		Release|Any CPU = Release|Any CPU
	EndGlobalSection
	GlobalSection(ProjectConfigurationPlatforms) = postSolution
		{251D627D-D4B3-45C6-886F-6186A6B83327}.Debug|Any CPU.ActiveCfg = Debug|Any CPU
		{251D627D-D4B3-45C6-886F-6186A6B83327}.Debug|Any CPU.Build.0 = Debug|Any CPU
		{251D627D-D4B3-45C6-886F-6186A6B83327}.Release|Any CPU.ActiveCfg = Release|Any CPU
		{251D627D-D4B3-45C6-886F-6186A6B83327}.Release|Any CPU.Build.0 = Release|Any CPU
	EndGlobalSection
	GlobalSection(SolutionProperties) = preSolution
		HideSolutionNode = FALSE
	EndGlobalSection
	GlobalSection(ExtensibilityGlobals) = postSolution
		SolutionGuid = {B5A70589-3839-4E44-8C9B-BFC56B74D135}
	EndGlobalSection
EndGlobal
