
Microsoft Visual Studio Solution File, Format Version 12.00
# Visual Studio Version 17
VisualStudioVersion = 17.1.32407.343
MinimumVisualStudioVersion = 10.0.40219.1
Project("{FAE04EC0-301F-11D3-BF4B-00C04F79EFBC}") = "AuthenticationTest", "AuthenticationTest\AuthenticationTest.csproj", "{F39DFF31-8425-412B-8667-F0A7A02A4F73}"
EndProject
Global
	GlobalSection(SolutionConfigurationPlatforms) = preSolution
		Debug|Any CPU = Debug|Any CPU
		Release|Any CPU = Release|Any CPU
	EndGlobalSection
	GlobalSection(ProjectConfigurationPlatforms) = postSolution
		{F39DFF31-8425-412B-8667-F0A7A02A4F73}.Debug|Any CPU.ActiveCfg = Debug|Any CPU
		{F39DFF31-8425-412B-8667-F0A7A02A4F73}.Debug|Any CPU.Build.0 = Debug|Any CPU
		{F39DFF31-8425-412B-8667-F0A7A02A4F73}.Release|Any CPU.ActiveCfg = Release|Any CPU
		{F39DFF31-8425-412B-8667-F0A7A02A4F73}.Release|Any CPU.Build.0 = Release|Any CPU
	EndGlobalSection
	GlobalSection(SolutionProperties) = preSolution
		HideSolutionNode = FALSE
	EndGlobalSection
	GlobalSection(ExtensibilityGlobals) = postSolution
		SolutionGuid = {162C9EA2-8D75-4415-AA26-ECE2B71BBD87}
	EndGlobalSection
EndGlobal
