
Microsoft Visual Studio Solution File, Format Version 12.00
# Visual Studio Version 17
VisualStudioVersion = 17.2.32519.379
MinimumVisualStudioVersion = 10.0.40219.1
Project("{FAE04EC0-301F-11D3-BF4B-00C04F79EFBC}") = "DataAnnotationTest", "DataAnnotationTest\DataAnnotationTest.csproj", "{BB08F6EE-2BB4-4AB9-8B58-65BAD9C49D1E}"
EndProject
Global
	GlobalSection(SolutionConfigurationPlatforms) = preSolution
		Debug|Any CPU = Debug|Any CPU
		Release|Any CPU = Release|Any CPU
	EndGlobalSection
	GlobalSection(ProjectConfigurationPlatforms) = postSolution
		{BB08F6EE-2BB4-4AB9-8B58-65BAD9C49D1E}.Debug|Any CPU.ActiveCfg = Debug|Any CPU
		{BB08F6EE-2BB4-4AB9-8B58-65BAD9C49D1E}.Debug|Any CPU.Build.0 = Debug|Any CPU
		{BB08F6EE-2BB4-4AB9-8B58-65BAD9C49D1E}.Release|Any CPU.ActiveCfg = Release|Any CPU
		{BB08F6EE-2BB4-4AB9-8B58-65BAD9C49D1E}.Release|Any CPU.Build.0 = Release|Any CPU
	EndGlobalSection
	GlobalSection(SolutionProperties) = preSolution
		HideSolutionNode = FALSE
	EndGlobalSection
	GlobalSection(ExtensibilityGlobals) = postSolution
		SolutionGuid = {370ABDE4-0BBF-4729-9614-816F602447A8}
	EndGlobalSection
EndGlobal
