
Microsoft Visual Studio Solution File, Format Version 12.00
# Visual Studio Version 17
VisualStudioVersion = 17.1.32421.90
MinimumVisualStudioVersion = 10.0.40219.1
Project("{FAE04EC0-301F-11D3-BF4B-00C04F79EFBC}") = "EFCoreConcurrentTest", "EFCoreConcurrentTest\EFCoreConcurrentTest.csproj", "{43970EFA-A428-456F-9530-44AE0462C495}"
EndProject
Global
	GlobalSection(SolutionConfigurationPlatforms) = preSolution
		Debug|Any CPU = Debug|Any CPU
		Release|Any CPU = Release|Any CPU
	EndGlobalSection
	GlobalSection(ProjectConfigurationPlatforms) = postSolution
		{43970EFA-A428-456F-9530-44AE0462C495}.Debug|Any CPU.ActiveCfg = Debug|Any CPU
		{43970EFA-A428-456F-9530-44AE0462C495}.Debug|Any CPU.Build.0 = Debug|Any CPU
		{43970EFA-A428-456F-9530-44AE0462C495}.Release|Any CPU.ActiveCfg = Release|Any CPU
		{43970EFA-A428-456F-9530-44AE0462C495}.Release|Any CPU.Build.0 = Release|Any CPU
	EndGlobalSection
	GlobalSection(SolutionProperties) = preSolution
		HideSolutionNode = FALSE
	EndGlobalSection
	GlobalSection(ExtensibilityGlobals) = postSolution
		SolutionGuid = {3E75F495-9E53-43AF-B066-EEBBAC3B9460}
	EndGlobalSection
EndGlobal
